# THIS IS AN AUTOGENERATED FILE. DO NOT EDIT THIS FILE DIRECTLY.
# yarn lockfile v1


"@antfu/utils@^0.7.5", "@antfu/utils@^0.7.6":
  "integrity" "sha512-gFPqTG7otEJ8uP6wrhDv6mqwGWYZKNvAcCq6u9hOj0c+IKCEsY4L1oC9trPq2SaWIzAfHvqfBDxF591JkMf+kg=="
  "resolved" "https://registry.npmmirror.com/@antfu/utils/-/utils-0.7.7.tgz"
  "version" "0.7.7"

"@babel/parser@^7.15.8", "@babel/parser@^7.23.9":
  "integrity" "sha512-QuP/FxEAzMSjXygs8v4N9dvdXzEHN4W1oF3PxuWAtPo08UdM17u89RDMgjLn/mlc56iM0HlLmVkO/wgR+rDgHg=="
  "resolved" "https://registry.npmmirror.com/@babel/parser/-/parser-7.24.0.tgz"
  "version" "7.24.0"

"@ctrl/tinycolor@^3.4.1":
  "integrity" "sha512-SITSV6aIXsuVNV3f3O0f2n/cgyEDWoSqtZMYiAmcsYHydcKrOz3gUxB/iXd/Qf08+IZX4KpgNbvUdMBmWz+kcA=="
  "resolved" "https://registry.npmmirror.com/@ctrl/tinycolor/-/tinycolor-3.6.1.tgz"
  "version" "3.6.1"

"@element-plus/icons-vue@^2.1.0", "@element-plus/icons-vue@^2.3.1":
  "integrity" "sha512-XxVUZv48RZAd87ucGS48jPf6pKu0yV5UCg9f4FFwtrYxXOwWuVJo6wOvSLKEoMQKjv8GsX/mhP6UsC1lRwbUWg=="
  "resolved" "https://registry.npmmirror.com/@element-plus/icons-vue/-/icons-vue-2.3.1.tgz"
  "version" "2.3.1"

"@esbuild/win32-x64@0.18.20":
  "integrity" "sha512-kTdfRcSiDfQca/y9QIkng02avJ+NCaQvrMejlsB3RRv5sE9rRoeBPISaZpKxHELzRxZyLvNts1P27W3wV+8geQ=="
  "resolved" "https://registry.npmmirror.com/@esbuild/win32-x64/-/win32-x64-0.18.20.tgz"
  "version" "0.18.20"

"@floating-ui/core@^1.0.0":
  "integrity" "sha512-PcF++MykgmTj3CIyOQbKA/hDzOAiqI3mhuoN44WRCopIs1sgoDoU4oty4Jtqaj/y3oDU6fnVSm4QG0a3t5i0+g=="
  "resolved" "https://registry.npmmirror.com/@floating-ui/core/-/core-1.6.0.tgz"
  "version" "1.6.0"
  dependencies:
    "@floating-ui/utils" "^0.2.1"

"@floating-ui/dom@^1.0.1":
  "integrity" "sha512-RnDthu3mzPlQ31Ss/BTwQ1zjzIhr3lk1gZB1OC56h/1vEtaXkESrOqL5fQVMfXpwGtRwX+YsZBdyHtJMQnkArw=="
  "resolved" "https://registry.npmmirror.com/@floating-ui/dom/-/dom-1.6.3.tgz"
  "version" "1.6.3"
  dependencies:
    "@floating-ui/core" "^1.0.0"
    "@floating-ui/utils" "^0.2.0"

"@floating-ui/utils@^0.2.0", "@floating-ui/utils@^0.2.1":
  "integrity" "sha512-9TANp6GPoMtYzQdt54kfAyMmz1+osLlXdg2ENroU7zzrtflTLrrC/lgrIfaSe+Wu0b89GKccT7vxXA0MoAIO+Q=="
  "resolved" "https://registry.npmmirror.com/@floating-ui/utils/-/utils-0.2.1.tgz"
  "version" "0.2.1"

"@jridgewell/sourcemap-codec@^1.4.15":
  "integrity" "sha512-eF2rxCRulEKXHTRiDrDy6erMYWqNw4LPdQ8UQA4huuxaQsVeRPFl2oM8oDGxMFhJUWZf9McpLtJasDDZb/Bpeg=="
  "resolved" "https://registry.npmmirror.com/@jridgewell/sourcemap-codec/-/sourcemap-codec-1.4.15.tgz"
  "version" "1.4.15"

"@nodelib/fs.scandir@2.1.5":
  "integrity" "sha512-vq24Bq3ym5HEQm2NKCr3yXDwjc7vTsEThRDnkp2DK9p1uqLR+DHurm/NOTo0KG7HYHU7eppKZj3MyqYuMBf62g=="
  "resolved" "https://registry.npmmirror.com/@nodelib/fs.scandir/-/fs.scandir-2.1.5.tgz"
  "version" "2.1.5"
  dependencies:
    "@nodelib/fs.stat" "2.0.5"
    "run-parallel" "^1.1.9"

"@nodelib/fs.stat@^2.0.2", "@nodelib/fs.stat@2.0.5":
  "integrity" "sha512-RkhPPp2zrqDAQA/2jNhnztcPAlv64XdhIp7a7454A5ovI7Bukxgt7MX7udwAu3zg1DcpPU0rz3VV1SeaqvY4+A=="
  "resolved" "https://registry.npmmirror.com/@nodelib/fs.stat/-/fs.stat-2.0.5.tgz"
  "version" "2.0.5"

"@nodelib/fs.walk@^1.2.3":
  "integrity" "sha512-oGB+UxlgWcgQkgwo8GcEGwemoTFt3FIO9ababBmaGwXIoBKZ+GTy0pP185beGg7Llih/NSHSV2XAs1lnznocSg=="
  "resolved" "https://registry.npmmirror.com/@nodelib/fs.walk/-/fs.walk-1.2.8.tgz"
  "version" "1.2.8"
  dependencies:
    "@nodelib/fs.scandir" "2.1.5"
    "fastq" "^1.6.0"

"@popperjs/core@npm:@sxzz/popperjs-es@^2.11.7":
  "integrity" "sha512-Ccy0NlLkzr0Ex2FKvh2X+OyERHXJ88XJ1MXtsI9y9fGexlaXaVTPzBCRBwIxFkORuOb+uBqeu+RqnpgYTEZRUQ=="
  "resolved" "https://registry.npmmirror.com/@sxzz/popperjs-es/-/popperjs-es-2.11.7.tgz"
  "version" "2.11.7"

"@rollup/pluginutils@^5.0.2", "@rollup/pluginutils@^5.0.5", "@rollup/pluginutils@^5.1.0":
  "integrity" "sha512-XTIWOPPcpvyKI6L1NHo0lFlCyznUEyPmPY1mc3KpPVDYulHSTvyeLNVW00QTLIAFNhR3kYnJTQHeGqU4M3n09g=="
  "resolved" "https://registry.npmmirror.com/@rollup/pluginutils/-/pluginutils-5.1.0.tgz"
  "version" "5.1.0"
  dependencies:
    "@types/estree" "^1.0.0"
    "estree-walker" "^2.0.2"
    "picomatch" "^2.3.1"

"@types/estree@^1.0.0":
  "integrity" "sha512-/kYRxGDLWzHOB7q+wtSUQlFrtcdUccpfy+X+9iMBpHK8QLLhx2wIPYuS5DYtR9Wa/YlZAbIovy7qVdB1Aq6Lyw=="
  "resolved" "https://registry.npmmirror.com/@types/estree/-/estree-1.0.5.tgz"
  "version" "1.0.5"

"@types/lodash-es@*", "@types/lodash-es@^4.17.6":
  "integrity" "sha512-0NgftHUcV4v34VhXm8QBSftKVXtbkBG3ViCjs6+eJ5a6y6Mi/jiFGPc1sC7QK+9BFhWrURE3EOggmWaSxL9OzQ=="
  "resolved" "https://registry.npmmirror.com/@types/lodash-es/-/lodash-es-4.17.12.tgz"
  "version" "4.17.12"
  dependencies:
    "@types/lodash" "*"

"@types/lodash@*", "@types/lodash@^4.14.182":
  "integrity" "sha512-OvlIYQK9tNneDlS0VN54LLd5uiPCBOp7gS5Z0f1mjoJYBrtStzgmJBxONW3U6OZqdtNzZPmn9BS/7WI7BFFcFQ=="
  "resolved" "https://registry.npmmirror.com/@types/lodash/-/lodash-4.14.202.tgz"
  "version" "4.14.202"

"@types/web-bluetooth@^0.0.16":
  "integrity" "sha512-oh8q2Zc32S6gd/j50GowEjKLoOVOwHP/bWVjKJInBwQqdOYMdPrf1oVlelTlyfFK3CKxL1uahMDAr+vy8T7yMQ=="
  "resolved" "https://registry.npmmirror.com/@types/web-bluetooth/-/web-bluetooth-0.0.16.tgz"
  "version" "0.0.16"

"@vitejs/plugin-vue@^4.2.3":
  "integrity" "sha512-kqf7SGFoG+80aZG6Pf+gsZIVvGSCKE98JbiWqcCV9cThtg91Jav0yvYFC9Zb+jKetNGF6ZKeoaxgZfND21fWKw=="
  "resolved" "https://registry.npmmirror.com/@vitejs/plugin-vue/-/plugin-vue-4.6.2.tgz"
  "version" "4.6.2"

"@vue/compiler-core@3.4.21":
  "integrity" "sha512-MjXawxZf2SbZszLPYxaFCjxfibYrzr3eYbKxwpLR9EQN+oaziSu3qKVbwBERj1IFIB8OLUewxB5m/BFzi613og=="
  "resolved" "https://registry.npmmirror.com/@vue/compiler-core/-/compiler-core-3.4.21.tgz"
  "version" "3.4.21"
  dependencies:
    "@babel/parser" "^7.23.9"
    "@vue/shared" "3.4.21"
    "entities" "^4.5.0"
    "estree-walker" "^2.0.2"
    "source-map-js" "^1.0.2"

"@vue/compiler-dom@3.4.21":
  "integrity" "sha512-IZC6FKowtT1sl0CR5DpXSiEB5ayw75oT2bma1BEhV7RRR1+cfwLrxc2Z8Zq/RGFzJ8w5r9QtCOvTjQgdn0IKmA=="
  "resolved" "https://registry.npmmirror.com/@vue/compiler-dom/-/compiler-dom-3.4.21.tgz"
  "version" "3.4.21"
  dependencies:
    "@vue/compiler-core" "3.4.21"
    "@vue/shared" "3.4.21"

"@vue/compiler-sfc@3.4.21":
  "integrity" "sha512-me7epoTxYlY+2CUM7hy9PCDdpMPfIwrOvAXud2Upk10g4YLv9UBW7kL798TvMeDhPthkZ0CONNrK2GoeI1ODiQ=="
  "resolved" "https://registry.npmmirror.com/@vue/compiler-sfc/-/compiler-sfc-3.4.21.tgz"
  "version" "3.4.21"
  dependencies:
    "@babel/parser" "^7.23.9"
    "@vue/compiler-core" "3.4.21"
    "@vue/compiler-dom" "3.4.21"
    "@vue/compiler-ssr" "3.4.21"
    "@vue/shared" "3.4.21"
    "estree-walker" "^2.0.2"
    "magic-string" "^0.30.7"
    "postcss" "^8.4.35"
    "source-map-js" "^1.0.2"

"@vue/compiler-ssr@3.4.21":
  "integrity" "sha512-M5+9nI2lPpAsgXOGQobnIueVqc9sisBFexh5yMIMRAPYLa7+5wEJs8iqOZc1WAa9WQbx9GR2twgznU8LTIiZ4Q=="
  "resolved" "https://registry.npmmirror.com/@vue/compiler-ssr/-/compiler-ssr-3.4.21.tgz"
  "version" "3.4.21"
  dependencies:
    "@vue/compiler-dom" "3.4.21"
    "@vue/shared" "3.4.21"

"@vue/devtools-api@^6.5.0", "@vue/devtools-api@^6.5.1":
  "integrity" "sha512-LgPscpE3Vs0x96PzSSB4IGVSZXZBZHpfxs+ZA1d+VEPwHdOXowy/Y2CsvCAIFrf+ssVU1pD1jidj505EpUnfbA=="
  "resolved" "https://registry.npmmirror.com/@vue/devtools-api/-/devtools-api-6.6.1.tgz"
  "version" "6.6.1"

"@vue/reactivity@3.4.21":
  "integrity" "sha512-UhenImdc0L0/4ahGCyEzc/pZNwVgcglGy9HVzJ1Bq2Mm9qXOpP8RyNTjookw/gOCUlXSEtuZ2fUg5nrHcoqJcw=="
  "resolved" "https://registry.npmmirror.com/@vue/reactivity/-/reactivity-3.4.21.tgz"
  "version" "3.4.21"
  dependencies:
    "@vue/shared" "3.4.21"

"@vue/runtime-core@3.4.21":
  "integrity" "sha512-pQthsuYzE1XcGZznTKn73G0s14eCJcjaLvp3/DKeYWoFacD9glJoqlNBxt3W2c5S40t6CCcpPf+jG01N3ULyrA=="
  "resolved" "https://registry.npmmirror.com/@vue/runtime-core/-/runtime-core-3.4.21.tgz"
  "version" "3.4.21"
  dependencies:
    "@vue/reactivity" "3.4.21"
    "@vue/shared" "3.4.21"

"@vue/runtime-dom@3.4.21":
  "integrity" "sha512-gvf+C9cFpevsQxbkRBS1NpU8CqxKw0ebqMvLwcGQrNpx6gqRDodqKqA+A2VZZpQ9RpK2f9yfg8VbW/EpdFUOJw=="
  "resolved" "https://registry.npmmirror.com/@vue/runtime-dom/-/runtime-dom-3.4.21.tgz"
  "version" "3.4.21"
  dependencies:
    "@vue/runtime-core" "3.4.21"
    "@vue/shared" "3.4.21"
    "csstype" "^3.1.3"

"@vue/server-renderer@3.4.21":
  "integrity" "sha512-aV1gXyKSN6Rz+6kZ6kr5+Ll14YzmIbeuWe7ryJl5muJ4uwSwY/aStXTixx76TwkZFJLm1aAlA/HSWEJ4EyiMkg=="
  "resolved" "https://registry.npmmirror.com/@vue/server-renderer/-/server-renderer-3.4.21.tgz"
  "version" "3.4.21"
  dependencies:
    "@vue/compiler-ssr" "3.4.21"
    "@vue/shared" "3.4.21"

"@vue/shared@3.4.21":
  "integrity" "sha512-PuJe7vDIi6VYSinuEbUIQgMIRZGgM8e4R+G+/dQTk0X1NEdvgvvgv7m+rfmDH1gZzyA1OjjoWskvHlfRNfQf3g=="
  "resolved" "https://registry.npmmirror.com/@vue/shared/-/shared-3.4.21.tgz"
  "version" "3.4.21"

"@vueup/vue-quill@^1.2.0":
  "integrity" "sha512-kd5QPSHMDpycklojPXno2Kw2JSiKMYduKYQckTm1RJoVDA557MnyUXgcuuDpry4HY/Rny9nGNcK+m3AHk94wag=="
  "resolved" "https://registry.npmmirror.com/@vueup/vue-quill/-/vue-quill-1.2.0.tgz"
  "version" "1.2.0"
  dependencies:
    "quill" "^1.3.7"
    "quill-delta" "^4.2.2"

"@vueuse/core@*", "@vueuse/core@^9.1.0":
  "integrity" "sha512-pujnclbeHWxxPRqXWmdkKV5OX4Wk4YeK7wusHqRwU0Q7EFusHoqNA/aPhB6KCh9hEqJkLAJo7bb0Lh9b+OIVzw=="
  "resolved" "https://registry.npmmirror.com/@vueuse/core/-/core-9.13.0.tgz"
  "version" "9.13.0"
  dependencies:
    "@types/web-bluetooth" "^0.0.16"
    "@vueuse/metadata" "9.13.0"
    "@vueuse/shared" "9.13.0"
    "vue-demi" "*"

"@vueuse/metadata@9.13.0":
  "integrity" "sha512-gdU7TKNAUVlXXLbaF+ZCfte8BjRJQWPCa2J55+7/h+yDtzw3vOoGQDRXzI6pyKyo6bXFT5/QoPE4hAknExjRLQ=="
  "resolved" "https://registry.npmmirror.com/@vueuse/metadata/-/metadata-9.13.0.tgz"
  "version" "9.13.0"

"@vueuse/shared@9.13.0":
  "integrity" "sha512-UrnhU+Cnufu4S6JLCPZnkWh0WwZGUp72ktOF2DFptMlOs3TOdVv8xJN53zhHGARmVOsz5KqOls09+J1NR6sBKw=="
  "resolved" "https://registry.npmmirror.com/@vueuse/shared/-/shared-9.13.0.tgz"
  "version" "9.13.0"
  dependencies:
    "vue-demi" "*"

"acorn@^8.10.0", "acorn@^8.11.2", "acorn@^8.11.3":
  "integrity" "sha512-Y9rRfJG5jcKOE0CLisYbojUjIrIEE7AGMzA/Sm4BslANhbS+cDMpgBdcPT91oJ7OuJ9hYJBx59RjbhxVnrF8Xg=="
  "resolved" "https://registry.npmmirror.com/acorn/-/acorn-8.11.3.tgz"
  "version" "8.11.3"

"anymatch@~3.1.2":
  "integrity" "sha512-KMReFUr0B4t+D+OBkjR3KYqvocp2XaSzO55UcB6mgQMd3KbcE+mWTyvVV7D/zsdEbNnV6acZUutkiHQXvTr1Rw=="
  "resolved" "https://registry.npmmirror.com/anymatch/-/anymatch-3.1.3.tgz"
  "version" "3.1.3"
  dependencies:
    "normalize-path" "^3.0.0"
    "picomatch" "^2.0.4"

"async-validator@^4.2.5":
  "integrity" "sha512-7HhHjtERjqlNbZtqNqy2rckN/SpOOlmDliet+lP7k+eKZEjPk3DgyeU9lIXLdeLz0uBbbVp+9Qdow9wJWgwwfg=="
  "resolved" "https://registry.npmmirror.com/async-validator/-/async-validator-4.2.5.tgz"
  "version" "4.2.5"

"asynckit@^0.4.0":
  "integrity" "sha512-Oei9OH4tRh0YqU3GxhX79dM/mwVgvbZJaSNaRk+bshkj0S5cfHcgYakreBjrHwatXKbz+IoIdYLxrKim2MjW0Q=="
  "resolved" "https://registry.npmmirror.com/asynckit/-/asynckit-0.4.0.tgz"
  "version" "0.4.0"

"axios@^1.4.0":
  "integrity" "sha512-/hDJGff6/c7u0hDkvkGxR/oy6CbCs8ziCsC7SqmhjfozqiJGc8Z11wrv9z9lYfY4K8l+H9TpjcMDX0xOZmx+RA=="
  "resolved" "https://registry.npmmirror.com/axios/-/axios-1.6.7.tgz"
  "version" "1.6.7"
  dependencies:
    "follow-redirects" "^1.15.4"
    "form-data" "^4.0.0"
    "proxy-from-env" "^1.1.0"

"balanced-match@^1.0.0":
  "integrity" "sha512-3oSeUO0TMV67hN1AmbXsK4yaqU7tjiHlbxRDZOpH0KW9+CeX4bRAaX0Anxt0tx2MrpRpWwQaPwIlISEJhYU5Pw=="
  "resolved" "https://registry.npmmirror.com/balanced-match/-/balanced-match-1.0.2.tgz"
  "version" "1.0.2"

"binary-extensions@^2.0.0":
  "integrity" "sha512-jDctJ/IVQbZoJykoeHbhXpOlNBqGNcwXJKJog42E5HDPUwQTSdjCHdihjj0DlnheQ7blbT6dHOafNAiS8ooQKA=="
  "resolved" "https://registry.npmmirror.com/binary-extensions/-/binary-extensions-2.2.0.tgz"
  "version" "2.2.0"

"brace-expansion@^2.0.1":
  "integrity" "sha512-XnAIvQ8eM+kC6aULx6wuQiwVsnzsi9d3WxzV3FpWTGA19F621kwdbsAcFKXgKUHZWsy+mY6iL1sHTxWEFCytDA=="
  "resolved" "https://registry.npmmirror.com/brace-expansion/-/brace-expansion-2.0.1.tgz"
  "version" "2.0.1"
  dependencies:
    "balanced-match" "^1.0.0"

"braces@^3.0.2", "braces@~3.0.2":
  "integrity" "sha512-b8um+L1RzM3WDSzvhm6gIz1yfTbBt6YTlcEKAvsmqCZZFw46z626lVj9j1yEPW33H5H+lBQpZMP1k8l+78Ha0A=="
  "resolved" "https://registry.npmmirror.com/braces/-/braces-3.0.2.tgz"
  "version" "3.0.2"
  dependencies:
    "fill-range" "^7.0.1"

"call-bind@^1.0.2", "call-bind@^1.0.6", "call-bind@^1.0.7":
  "integrity" "sha512-GHTSNSYICQ7scH7sZ+M2rFopRoLh8t2bLSW6BbgrtLsahOIB5iyAVJf9GjWK3cYTDaMj4XdBpM1cA6pIS0Kv2w=="
  "resolved" "https://registry.npmmirror.com/call-bind/-/call-bind-1.0.7.tgz"
  "version" "1.0.7"
  dependencies:
    "es-define-property" "^1.0.0"
    "es-errors" "^1.3.0"
    "function-bind" "^1.1.2"
    "get-intrinsic" "^1.2.4"
    "set-function-length" "^1.2.1"

"chokidar@^3.5.3", "chokidar@^3.6.0", "chokidar@>=3.0.0 <4.0.0":
  "integrity" "sha512-7VT13fmjotKpGipCW9JEQAusEPE+Ei8nl6/g4FBAmIm0GOOLMua9NDDo/DWp0ZAxCr3cPq5ZpBqmPAQgDda2Pw=="
  "resolved" "https://registry.npmmirror.com/chokidar/-/chokidar-3.6.0.tgz"
  "version" "3.6.0"
  dependencies:
    "anymatch" "~3.1.2"
    "braces" "~3.0.2"
    "glob-parent" "~5.1.2"
    "is-binary-path" "~2.1.0"
    "is-glob" "~4.0.1"
    "normalize-path" "~3.0.0"
    "readdirp" "~3.6.0"
  optionalDependencies:
    "fsevents" "~2.3.2"

"clone@^2.1.1":
  "integrity" "sha512-3Pe/CF1Nn94hyhIYpjtiLhdCoEoz0DqQ+988E9gmeEdQZlojxnOb74wctFyuwWQHzqyf9X7C7MG8juUpqBJT8w=="
  "resolved" "https://registry.npmmirror.com/clone/-/clone-2.1.2.tgz"
  "version" "2.1.2"

"combined-stream@^1.0.8":
  "integrity" "sha512-FQN4MRfuJeHf7cBbBMJFXhKSDq+2kAArBlmRBvcvFE5BB1HZKXtSFASDhdlz9zOYwxh8lDdnvmMOe/+5cdoEdg=="
  "resolved" "https://registry.npmmirror.com/combined-stream/-/combined-stream-1.0.8.tgz"
  "version" "1.0.8"
  dependencies:
    "delayed-stream" "~1.0.0"

"csstype@^3.1.3":
  "integrity" "sha512-M1uQkMl8rQK/szD0LNhtqxIPLpimGm8sOBwU7lLnCpSbTyY3yeU1Vc7l4KT5zT4s/yOxHH5O7tIuuLOCnLADRw=="
  "resolved" "https://registry.npmmirror.com/csstype/-/csstype-3.1.3.tgz"
  "version" "3.1.3"

"dayjs@^1.11.3":
  "integrity" "sha512-vjAczensTgRcqDERK0SR2XMwsF/tSvnvlv6VcF2GIhg6Sx4yOIt/irsr1RDJsKiIyBzJDpCoXiWWq28MqH2cnQ=="
  "resolved" "https://registry.npmmirror.com/dayjs/-/dayjs-1.11.10.tgz"
  "version" "1.11.10"

"debug@^4.3.4":
  "integrity" "sha512-PRWFHuSU3eDtQJPvnNY7Jcket1j0t5OuOsFzPPzsekD52Zl8qUfFIPEiswXqIvHWGVHOgX+7G/vCNNhehwxfkQ=="
  "resolved" "https://registry.npmmirror.com/debug/-/debug-4.3.4.tgz"
  "version" "4.3.4"
  dependencies:
    "ms" "2.1.2"

"deep-equal@^1.0.1":
  "integrity" "sha512-5tdhKF6DbU7iIzrIOa1AOUt39ZRm13cmL1cGEh//aqR8x9+tNfbywRf0n5FD/18OKMdo7DNEtrX2t22ZAkI+eg=="
  "resolved" "https://registry.npmmirror.com/deep-equal/-/deep-equal-1.1.2.tgz"
  "version" "1.1.2"
  dependencies:
    "is-arguments" "^1.1.1"
    "is-date-object" "^1.0.5"
    "is-regex" "^1.1.4"
    "object-is" "^1.1.5"
    "object-keys" "^1.1.1"
    "regexp.prototype.flags" "^1.5.1"

"define-data-property@^1.0.1", "define-data-property@^1.1.4":
  "integrity" "sha512-rBMvIzlpA8v6E+SJZoo++HAYqsLrkg7MSfIinMPFhmkorw7X+dOXVJQs+QT69zGkzMyfDnIMN2Wid1+NbL3T+A=="
  "resolved" "https://registry.npmmirror.com/define-data-property/-/define-data-property-1.1.4.tgz"
  "version" "1.1.4"
  dependencies:
    "es-define-property" "^1.0.0"
    "es-errors" "^1.3.0"
    "gopd" "^1.0.1"

"define-properties@^1.2.1":
  "integrity" "sha512-8QmQKqEASLd5nx0U1B1okLElbUuuttJ/AnYmRXbbbGDWh6uS208EjD4Xqq/I9wK7u0v6O08XhTWnt5XtEbR6Dg=="
  "resolved" "https://registry.npmmirror.com/define-properties/-/define-properties-1.2.1.tgz"
  "version" "1.2.1"
  dependencies:
    "define-data-property" "^1.0.1"
    "has-property-descriptors" "^1.0.0"
    "object-keys" "^1.1.1"

"delayed-stream@~1.0.0":
  "integrity" "sha512-ZySD7Nf91aLB0RxL4KGrKHBXl7Eds1DAmEdcoVawXnLD7SDhpNgtuII2aAkg7a7QS41jxPSZ17p4VdGnMHk3MQ=="
  "resolved" "https://registry.npmmirror.com/delayed-stream/-/delayed-stream-1.0.0.tgz"
  "version" "1.0.0"

"element-plus@^2.3.7":
  "integrity" "sha512-6VRpLjwtIVdtUuITJPPKtpOH1NM6nuAkRE3q5O4Lrx0N1bYMhTkiqb2Jy7zfQuDPbOIkkF2OABTzegpNnzgsnQ=="
  "resolved" "https://registry.npmmirror.com/element-plus/-/element-plus-2.6.1.tgz"
  "version" "2.6.1"
  dependencies:
    "@ctrl/tinycolor" "^3.4.1"
    "@element-plus/icons-vue" "^2.3.1"
    "@floating-ui/dom" "^1.0.1"
    "@popperjs/core" "npm:@sxzz/popperjs-es@^2.11.7"
    "@types/lodash" "^4.14.182"
    "@types/lodash-es" "^4.17.6"
    "@vueuse/core" "^9.1.0"
    "async-validator" "^4.2.5"
    "dayjs" "^1.11.3"
    "escape-html" "^1.0.3"
    "lodash" "^4.17.21"
    "lodash-es" "^4.17.21"
    "lodash-unified" "^1.0.2"
    "memoize-one" "^6.0.0"
    "normalize-wheel-es" "^1.2.0"

"entities@^4.5.0":
  "integrity" "sha512-V0hjH4dGPh9Ao5p0MoRY6BVqtwCjhz6vI5LT8AJ55H+4g9/4vbHx1I54fS0XuclLhDHArPQCiMjDxjaL8fPxhw=="
  "resolved" "https://registry.npmmirror.com/entities/-/entities-4.5.0.tgz"
  "version" "4.5.0"

"es-define-property@^1.0.0":
  "integrity" "sha512-jxayLKShrEqqzJ0eumQbVhTYQM27CfT1T35+gCgDFoL82JLsXqTJ76zv6A0YLOgEnLUMvLzsDsGIrl8NFpT2gQ=="
  "resolved" "https://registry.npmmirror.com/es-define-property/-/es-define-property-1.0.0.tgz"
  "version" "1.0.0"
  dependencies:
    "get-intrinsic" "^1.2.4"

"es-errors@^1.3.0":
  "integrity" "sha512-Zf5H2Kxt2xjTvbJvP2ZWLEICxA6j+hAmMzIlypy4xcBg1vKVnx89Wy0GbS+kf5cwCVFFzdCFh2XSCFNULS6csw=="
  "resolved" "https://registry.npmmirror.com/es-errors/-/es-errors-1.3.0.tgz"
  "version" "1.3.0"

"esbuild@^0.18.10":
  "integrity" "sha512-ceqxoedUrcayh7Y7ZX6NdbbDzGROiyVBgC4PriJThBKSVPWnnFHZAkfI1lJT8QFkOwH4qOS2SJkS4wvpGl8BpA=="
  "resolved" "https://registry.npmmirror.com/esbuild/-/esbuild-0.18.20.tgz"
  "version" "0.18.20"
  optionalDependencies:
    "@esbuild/android-arm" "0.18.20"
    "@esbuild/android-arm64" "0.18.20"
    "@esbuild/android-x64" "0.18.20"
    "@esbuild/darwin-arm64" "0.18.20"
    "@esbuild/darwin-x64" "0.18.20"
    "@esbuild/freebsd-arm64" "0.18.20"
    "@esbuild/freebsd-x64" "0.18.20"
    "@esbuild/linux-arm" "0.18.20"
    "@esbuild/linux-arm64" "0.18.20"
    "@esbuild/linux-ia32" "0.18.20"
    "@esbuild/linux-loong64" "0.18.20"
    "@esbuild/linux-mips64el" "0.18.20"
    "@esbuild/linux-ppc64" "0.18.20"
    "@esbuild/linux-riscv64" "0.18.20"
    "@esbuild/linux-s390x" "0.18.20"
    "@esbuild/linux-x64" "0.18.20"
    "@esbuild/netbsd-x64" "0.18.20"
    "@esbuild/openbsd-x64" "0.18.20"
    "@esbuild/sunos-x64" "0.18.20"
    "@esbuild/win32-arm64" "0.18.20"
    "@esbuild/win32-ia32" "0.18.20"
    "@esbuild/win32-x64" "0.18.20"

"escape-html@^1.0.3":
  "integrity" "sha512-NiSupZ4OeuGwr68lGIeym/ksIZMJodUGOSCZ/FSnTxcrekbvqrgdUxlJOMpijaKZVjAJrWrGs/6Jy8OMuyj9ow=="
  "resolved" "https://registry.npmmirror.com/escape-html/-/escape-html-1.0.3.tgz"
  "version" "1.0.3"

"escape-string-regexp@^5.0.0":
  "integrity" "sha512-/veY75JbMK4j1yjvuUxuVsiS/hr/4iHs9FTT6cgTexxdE0Ly/glccBAkloH/DofkjRbZU3bnoj38mOmhkZ0lHw=="
  "resolved" "https://registry.npmmirror.com/escape-string-regexp/-/escape-string-regexp-5.0.0.tgz"
  "version" "5.0.0"

"estree-walker@^2.0.2":
  "integrity" "sha512-Rfkk/Mp/DL7JVje3u18FxFujQlTNR2q6QfMSMB7AvCBx91NGj/ba3kCfza0f6dVDbw7YlRf/nDrn7pQrCCyQ/w=="
  "resolved" "https://registry.npmmirror.com/estree-walker/-/estree-walker-2.0.2.tgz"
  "version" "2.0.2"

"estree-walker@^3.0.3":
  "integrity" "sha512-7RUKfXgSMMkzt6ZuXmqapOurLGPPfgj6l9uRZ7lRGolvk0y2yocc35LdcxKC5PQZdn2DMqioAQ2NoWcrTKmm6g=="
  "resolved" "https://registry.npmmirror.com/estree-walker/-/estree-walker-3.0.3.tgz"
  "version" "3.0.3"
  dependencies:
    "@types/estree" "^1.0.0"

"eventemitter3@^2.0.3":
  "integrity" "sha512-jLN68Dx5kyFHaePoXWPsCGW5qdyZQtLYHkxkg02/Mz6g0kYpDx4FyP6XfArhQdlOC4b8Mv+EMxPo/8La7Tzghg=="
  "resolved" "https://registry.npmmirror.com/eventemitter3/-/eventemitter3-2.0.3.tgz"
  "version" "2.0.3"

"extend@^3.0.2":
  "integrity" "sha512-fjquC59cD7CyW6urNXK0FBufkZcoiGG80wTuPujX590cB5Ttln20E2UB4S/WARVqhXffZl2LNgS+gQdPIIim/g=="
  "resolved" "https://registry.npmmirror.com/extend/-/extend-3.0.2.tgz"
  "version" "3.0.2"

"fast-diff@1.1.2":
  "integrity" "sha512-KaJUt+M9t1qaIteSvjc6P3RbMdXsNhK61GRftR6SNxqmhthcd9MGIi4T+o0jD8LUSpSnSKXE20nLtJ3fOHxQig=="
  "resolved" "https://registry.npmmirror.com/fast-diff/-/fast-diff-1.1.2.tgz"
  "version" "1.1.2"

"fast-diff@1.2.0":
  "integrity" "sha512-xJuoT5+L99XlZ8twedaRf6Ax2TgQVxvgZOYoPKqZufmJib0tL2tegPBOZb1pVNgIhlqDlA0eO0c3wBvQcmzx4w=="
  "resolved" "https://registry.npmmirror.com/fast-diff/-/fast-diff-1.2.0.tgz"
  "version" "1.2.0"

"fast-glob@^3.3.0", "fast-glob@^3.3.1", "fast-glob@^3.3.2":
  "integrity" "sha512-oX2ruAFQwf/Orj8m737Y5adxDQO0LAB7/S5MnxCdTNDd4p6BsyIVsv9JQsATbTSq8KHRpLwIHbVlUNatxd+1Ow=="
  "resolved" "https://registry.npmmirror.com/fast-glob/-/fast-glob-3.3.2.tgz"
  "version" "3.3.2"
  dependencies:
    "@nodelib/fs.stat" "^2.0.2"
    "@nodelib/fs.walk" "^1.2.3"
    "glob-parent" "^5.1.2"
    "merge2" "^1.3.0"
    "micromatch" "^4.0.4"

"fastq@^1.6.0":
  "integrity" "sha512-sRVD3lWVIXWg6By68ZN7vho9a1pQcN/WBFaAAsDDFzlJjvoGx0P8z7V1t72grFJfJhu3YPZBuu25f7Kaw2jN1w=="
  "resolved" "https://registry.npmmirror.com/fastq/-/fastq-1.17.1.tgz"
  "version" "1.17.1"
  dependencies:
    "reusify" "^1.0.4"

"fill-range@^7.0.1":
  "integrity" "sha512-qOo9F+dMUmC2Lcb4BbVvnKJxTPjCm+RRpe4gDuGrzkL7mEVl/djYSu2OdQ2Pa302N4oqkSg9ir6jaLWJ2USVpQ=="
  "resolved" "https://registry.npmmirror.com/fill-range/-/fill-range-7.0.1.tgz"
  "version" "7.0.1"
  dependencies:
    "to-regex-range" "^5.0.1"

"follow-redirects@^1.15.4":
  "integrity" "sha512-vSFWUON1B+yAw1VN4xMfxgn5fTUiaOzAJCKBwIIgT/+7CuGy9+r+5gITvP62j3RmaD5Ph65UaERdOSRGUzZtgw=="
  "resolved" "https://registry.npmmirror.com/follow-redirects/-/follow-redirects-1.15.5.tgz"
  "version" "1.15.5"

"form-data@^4.0.0":
  "integrity" "sha512-ETEklSGi5t0QMZuiXoA/Q6vcnxcLQP5vdugSpuAyi6SVGi2clPPp+xgEhuMaHC+zGgn31Kd235W35f7Hykkaww=="
  "resolved" "https://registry.npmmirror.com/form-data/-/form-data-4.0.0.tgz"
  "version" "4.0.0"
  dependencies:
    "asynckit" "^0.4.0"
    "combined-stream" "^1.0.8"
    "mime-types" "^2.1.12"

"function-bind@^1.1.2":
  "integrity" "sha512-7XHNxH7qX9xG5mIwxkhumTox/MIRNcOgDrxWsMt2pAr23WHp6MrRlN7FBSFpCpr+oVO0F744iUgR82nJMfG2SA=="
  "resolved" "https://registry.npmmirror.com/function-bind/-/function-bind-1.1.2.tgz"
  "version" "1.1.2"

"functions-have-names@^1.2.3":
  "integrity" "sha512-xckBUXyTIqT97tq2x2AMb+g163b5JFysYk0x4qxNFwbfQkmNZoiRHb6sPzI9/QV33WeuvVYBUIiD4NzNIyqaRQ=="
  "resolved" "https://registry.npmmirror.com/functions-have-names/-/functions-have-names-1.2.3.tgz"
  "version" "1.2.3"

"get-intrinsic@^1.1.3", "get-intrinsic@^1.2.4":
  "integrity" "sha512-5uYhsJH8VJBTv7oslg4BznJYhDoRI6waYCxMmCdnTrcCrHA/fCFKoTFz2JKKE0HdDFUF7/oQuhzumXJK7paBRQ=="
  "resolved" "https://registry.npmmirror.com/get-intrinsic/-/get-intrinsic-1.2.4.tgz"
  "version" "1.2.4"
  dependencies:
    "es-errors" "^1.3.0"
    "function-bind" "^1.1.2"
    "has-proto" "^1.0.1"
    "has-symbols" "^1.0.3"
    "hasown" "^2.0.0"

"glob-parent@^5.1.2", "glob-parent@~5.1.2":
  "integrity" "sha512-AOIgSQCepiJYwP3ARnGx+5VnTu2HBYdzbGP45eLw1vr3zB3vZLeyed1sC9hnbcOc9/SrMyM5RPQrkGz4aS9Zow=="
  "resolved" "https://registry.npmmirror.com/glob-parent/-/glob-parent-5.1.2.tgz"
  "version" "5.1.2"
  dependencies:
    "is-glob" "^4.0.1"

"gopd@^1.0.1":
  "integrity" "sha512-d65bNlIadxvpb/A2abVdlqKqV563juRnZ1Wtk6s1sIR8uNsXR70xqIzVqxVf1eTqDunwT2MkczEeaezCKTZhwA=="
  "resolved" "https://registry.npmmirror.com/gopd/-/gopd-1.0.1.tgz"
  "version" "1.0.1"
  dependencies:
    "get-intrinsic" "^1.1.3"

"has-property-descriptors@^1.0.0", "has-property-descriptors@^1.0.2":
  "integrity" "sha512-55JNKuIW+vq4Ke1BjOTjM2YctQIvCT7GFzHwmfZPGo5wnrgkid0YQtnAleFSqumZm4az3n2BS+erby5ipJdgrg=="
  "resolved" "https://registry.npmmirror.com/has-property-descriptors/-/has-property-descriptors-1.0.2.tgz"
  "version" "1.0.2"
  dependencies:
    "es-define-property" "^1.0.0"

"has-proto@^1.0.1":
  "integrity" "sha512-SJ1amZAJUiZS+PhsVLf5tGydlaVB8EdFpaSO4gmiUKUOxk8qzn5AIy4ZeJUmh22znIdk/uMAUT2pl3FxzVUH+Q=="
  "resolved" "https://registry.npmmirror.com/has-proto/-/has-proto-1.0.3.tgz"
  "version" "1.0.3"

"has-symbols@^1.0.3":
  "integrity" "sha512-l3LCuF6MgDNwTDKkdYGEihYjt5pRPbEg46rtlmnSPlUbgmB8LOIrKJbYYFBSbnPaJexMKtiPO8hmeRjRz2Td+A=="
  "resolved" "https://registry.npmmirror.com/has-symbols/-/has-symbols-1.0.3.tgz"
  "version" "1.0.3"

"has-tostringtag@^1.0.0":
  "integrity" "sha512-NqADB8VjPFLM2V0VvHUewwwsw0ZWBaIdgo+ieHtK3hasLz4qeCRjYcqfB6AQrBggRKppKF8L52/VqdVsO47Dlw=="
  "resolved" "https://registry.npmmirror.com/has-tostringtag/-/has-tostringtag-1.0.2.tgz"
  "version" "1.0.2"
  dependencies:
    "has-symbols" "^1.0.3"

"hasown@^2.0.0":
  "integrity" "sha512-0hJU9SCPvmMzIBdZFqNPXWa6dqh7WdH0cII9y+CyS8rG3nL48Bclra9HmKhVVUHyPWNH5Y7xDwAB7bfgSjkUMQ=="
  "resolved" "https://registry.npmmirror.com/hasown/-/hasown-2.0.2.tgz"
  "version" "2.0.2"
  dependencies:
    "function-bind" "^1.1.2"

"immutable@^4.0.0":
  "integrity" "sha512-8eabxkth9gZatlwl5TBuJnCsoTADlL6ftEr7A4qgdaTsPyreilDSnUk57SO+jfKcNtxPa22U5KK6DSeAYhpBJw=="
  "resolved" "https://registry.npmmirror.com/immutable/-/immutable-4.3.5.tgz"
  "version" "4.3.5"

"is-arguments@^1.1.1":
  "integrity" "sha512-8Q7EARjzEnKpt/PCD7e1cgUS0a6X8u5tdSiMqXhojOdoV9TsMsiO+9VLC5vAmO8N7/GmXn7yjR8qnA6bVAEzfA=="
  "resolved" "https://registry.npmmirror.com/is-arguments/-/is-arguments-1.1.1.tgz"
  "version" "1.1.1"
  dependencies:
    "call-bind" "^1.0.2"
    "has-tostringtag" "^1.0.0"

"is-binary-path@~2.1.0":
  "integrity" "sha512-ZMERYes6pDydyuGidse7OsHxtbI7WVeUEozgR/g7rd0xUimYNlvZRE/K2MgZTjWy725IfelLeVcEM97mmtRGXw=="
  "resolved" "https://registry.npmmirror.com/is-binary-path/-/is-binary-path-2.1.0.tgz"
  "version" "2.1.0"
  dependencies:
    "binary-extensions" "^2.0.0"

"is-core-module@^2.13.0":
  "integrity" "sha512-hHrIjvZsftOsvKSn2TRYl63zvxsgE0K+0mYMoH6gD4omR5IWB2KynivBQczo3+wF1cCkjzvptnI9Q0sPU66ilw=="
  "resolved" "https://registry.npmmirror.com/is-core-module/-/is-core-module-2.13.1.tgz"
  "version" "2.13.1"
  dependencies:
    "hasown" "^2.0.0"

"is-date-object@^1.0.5":
  "integrity" "sha512-9YQaSxsAiSwcvS33MBk3wTCVnWK+HhF8VZR2jRxehM16QcVOdHqPn4VPHmRK4lSr38n9JriurInLcP90xsYNfQ=="
  "resolved" "https://registry.npmmirror.com/is-date-object/-/is-date-object-1.0.5.tgz"
  "version" "1.0.5"
  dependencies:
    "has-tostringtag" "^1.0.0"

"is-extglob@^2.1.1":
  "integrity" "sha512-SbKbANkN603Vi4jEZv49LeVJMn4yGwsbzZworEoyEiutsN3nJYdbO36zfhGJ6QEDpOZIFkDtnq5JRxmvl3jsoQ=="
  "resolved" "https://registry.npmmirror.com/is-extglob/-/is-extglob-2.1.1.tgz"
  "version" "2.1.1"

"is-glob@^4.0.1", "is-glob@~4.0.1":
  "integrity" "sha512-xelSayHH36ZgE7ZWhli7pW34hNbNl8Ojv5KVmkJD4hBdD3th8Tfk9vYasLM+mXWOZhFkgZfxhLSnrwRr4elSSg=="
  "resolved" "https://registry.npmmirror.com/is-glob/-/is-glob-4.0.3.tgz"
  "version" "4.0.3"
  dependencies:
    "is-extglob" "^2.1.1"

"is-number@^7.0.0":
  "integrity" "sha512-41Cifkg6e8TylSpdtTpeLVMqvSBEVzTttHvERD741+pnZ8ANv0004MRL43QKPDlK9cGvNp6NZWZUBlbGXYxxng=="
  "resolved" "https://registry.npmmirror.com/is-number/-/is-number-7.0.0.tgz"
  "version" "7.0.0"

"is-regex@^1.1.4":
  "integrity" "sha512-kvRdxDsxZjhzUX07ZnLydzS1TU/TJlTUHHY4YLL87e37oUA49DfkLqgy+VjFocowy29cKvcSiu+kIv728jTTVg=="
  "resolved" "https://registry.npmmirror.com/is-regex/-/is-regex-1.1.4.tgz"
  "version" "1.1.4"
  dependencies:
    "call-bind" "^1.0.2"
    "has-tostringtag" "^1.0.0"

"jsonc-parser@^3.2.0":
  "integrity" "sha512-AilxAyFOAcK5wA1+LeaySVBrHsGQvUFCDWXKpZjzaL0PqW+xfBOttn8GNtWKFWqneyMZj41MWF9Kl6iPWLwgOA=="
  "resolved" "https://registry.npmmirror.com/jsonc-parser/-/jsonc-parser-3.2.1.tgz"
  "version" "3.2.1"

"local-pkg@^0.4.3":
  "integrity" "sha512-SFppqq5p42fe2qcZQqqEOiVRXl+WCP1MdT6k7BDEW1j++sp5fIY+/fdRQitvKgB5BrBcmrs5m/L0v2FrU5MY1g=="
  "resolved" "https://registry.npmmirror.com/local-pkg/-/local-pkg-0.4.3.tgz"
  "version" "0.4.3"

"local-pkg@^0.5.0":
  "integrity" "sha512-ok6z3qlYyCDS4ZEU27HaU6x/xZa9Whf8jD4ptH5UZTQYZVYeb9bnZ3ojVhiJNLiXK1Hfc0GNbLXcmZ5plLDDBg=="
  "resolved" "https://registry.npmmirror.com/local-pkg/-/local-pkg-0.5.0.tgz"
  "version" "0.5.0"
  dependencies:
    "mlly" "^1.4.2"
    "pkg-types" "^1.0.3"

"lodash-es@*", "lodash-es@^4.17.21":
  "integrity" "sha512-mKnC+QJ9pWVzv+C4/U3rRsHapFfHvQFoFB92e52xeyGMcX6/OlIl78je1u8vePzYZSkkogMPJ2yjxxsb89cxyw=="
  "resolved" "https://registry.npmmirror.com/lodash-es/-/lodash-es-4.17.21.tgz"
  "version" "4.17.21"

"lodash-unified@^1.0.2":
  "integrity" "sha512-WK9qSozxXOD7ZJQlpSqOT+om2ZfcT4yO+03FuzAHD0wF6S0l0090LRPDx3vhTTLZ8cFKpBn+IOcVXK6qOcIlfQ=="
  "resolved" "https://registry.npmmirror.com/lodash-unified/-/lodash-unified-1.0.3.tgz"
  "version" "1.0.3"

"lodash.clonedeep@^4.5.0":
  "integrity" "sha512-H5ZhCF25riFd9uB5UCkVKo61m3S/xZk1x4wA6yp/L3RFP6Z/eHH1ymQcGLo7J3GMPfm0V/7m1tryHuGVxpqEBQ=="
  "resolved" "https://registry.npmmirror.com/lodash.clonedeep/-/lodash.clonedeep-4.5.0.tgz"
  "version" "4.5.0"

"lodash.isequal@^4.5.0":
  "integrity" "sha512-pDo3lu8Jhfjqls6GkMgpahsF9kCyayhgykjyLMNFTKWrpVdAQtYyB4muAMWozBB4ig/dtWAmsMxLEI8wuz+DYQ=="
  "resolved" "https://registry.npmmirror.com/lodash.isequal/-/lodash.isequal-4.5.0.tgz"
  "version" "4.5.0"

"lodash@*", "lodash@^4.17.21":
  "integrity" "sha512-v2kDEe57lecTulaDIuNTPy3Ry4gLGJ6Z1O3vE1krgXZNrsQ+LFTGHVxVjcXPs17LhbZVGedAJv8XZ1tvj5FvSg=="
  "resolved" "https://registry.npmmirror.com/lodash/-/lodash-4.17.21.tgz"
  "version" "4.17.21"

"magic-string@^0.30.1", "magic-string@^0.30.5", "magic-string@^0.30.7":
  "integrity" "sha512-ISQTe55T2ao7XtlAStud6qwYPZjE4GK1S/BeVPus4jrq6JuOnQ00YKQC581RWhR122W7msZV263KzVeLoqidyQ=="
  "resolved" "https://registry.npmmirror.com/magic-string/-/magic-string-0.30.8.tgz"
  "version" "0.30.8"
  dependencies:
    "@jridgewell/sourcemap-codec" "^1.4.15"

"memoize-one@^6.0.0":
  "integrity" "sha512-rkpe71W0N0c0Xz6QD0eJETuWAJGnJ9afsl1srmwPrI+yBCkge5EycXXbYRyvL29zZVUWQCY7InPRCv3GDXuZNw=="
  "resolved" "https://registry.npmmirror.com/memoize-one/-/memoize-one-6.0.0.tgz"
  "version" "6.0.0"

"merge2@^1.3.0":
  "integrity" "sha512-8q7VEgMJW4J8tcfVPy8g09NcQwZdbwFEqhe/WZkoIzjn/3TGDwtOCYtXGxA3O8tPzpczCCDgv+P2P5y00ZJOOg=="
  "resolved" "https://registry.npmmirror.com/merge2/-/merge2-1.4.1.tgz"
  "version" "1.4.1"

"micromatch@^4.0.4":
  "integrity" "sha512-DMy+ERcEW2q8Z2Po+WNXuw3c5YaUSFjAO5GsJqfEl7UjvtIuFKO6ZrKvcItdy98dwFI2N1tg3zNIdKaQT+aNdA=="
  "resolved" "https://registry.npmmirror.com/micromatch/-/micromatch-4.0.5.tgz"
  "version" "4.0.5"
  dependencies:
    "braces" "^3.0.2"
    "picomatch" "^2.3.1"

"mime-db@1.52.0":
  "integrity" "sha512-sPU4uV7dYlvtWJxwwxHD0PuihVNiE7TyAbQ5SWxDCB9mUYvOgroQOwYQQOKPJ8CIbE+1ETVlOoK1UC2nU3gYvg=="
  "resolved" "https://registry.npmmirror.com/mime-db/-/mime-db-1.52.0.tgz"
  "version" "1.52.0"

"mime-types@^2.1.12":
  "integrity" "sha512-ZDY+bPm5zTTF+YpCrAU9nK0UgICYPT0QtT1NZWFv4s++TNkcgVaT0g6+4R2uI4MjQjzysHB1zxuWL50hzaeXiw=="
  "resolved" "https://registry.npmmirror.com/mime-types/-/mime-types-2.1.35.tgz"
  "version" "2.1.35"
  dependencies:
    "mime-db" "1.52.0"

"minimatch@^9.0.3":
  "integrity" "sha512-RHiac9mvaRw0x3AYRgDC1CxAP7HTcNrrECeA8YYJeWnpo+2Q5CegtZjaotWTWxDG3UeGA1coE05iH1mPjT/2mg=="
  "resolved" "https://registry.npmmirror.com/minimatch/-/minimatch-9.0.3.tgz"
  "version" "9.0.3"
  dependencies:
    "brace-expansion" "^2.0.1"

"mlly@^1.2.0", "mlly@^1.4.2":
  "integrity" "sha512-vLgaHvaeunuOXHSmEbZ9izxPx3USsk8KCQ8iC+aTlp5sKRSoZvwhHh5L9VbKSaVC6sJDqbyohIS76E2VmHIPAA=="
  "resolved" "https://registry.npmmirror.com/mlly/-/mlly-1.6.1.tgz"
  "version" "1.6.1"
  dependencies:
    "acorn" "^8.11.3"
    "pathe" "^1.1.2"
    "pkg-types" "^1.0.3"
    "ufo" "^1.3.2"

"ms@2.1.2":
  "integrity" "sha512-sGkPx+VjMtmA6MX27oA4FBFELFCZZ4S4XqeGOXCv68tT+jb3vk/RyaKWP0PTKyWtmLSM0b+adUTEvbs1PEaH2w=="
  "resolved" "https://registry.npmmirror.com/ms/-/ms-2.1.2.tgz"
  "version" "2.1.2"

"nanoid@^3.3.7":
  "integrity" "sha512-eSRppjcPIatRIMC1U6UngP8XFcz8MQWGQdt1MTBQ7NaAmvXDfvNxbvWV3x2y6CdEUciCSsDHDQZbhYaB8QEo2g=="
  "resolved" "https://registry.npmmirror.com/nanoid/-/nanoid-3.3.7.tgz"
  "version" "3.3.7"

"normalize-path@^3.0.0", "normalize-path@~3.0.0":
  "integrity" "sha512-6eZs5Ls3WtCisHWp9S2GUy8dqkpGi4BVSz3GaqiE6ezub0512ESztXUwUB6C6IKbQkY2Pnb/mD4WYojCRwcwLA=="
  "resolved" "https://registry.npmmirror.com/normalize-path/-/normalize-path-3.0.0.tgz"
  "version" "3.0.0"

"normalize-wheel-es@^1.2.0":
  "integrity" "sha512-Wj7+EJQ8mSuXr2iWfnujrimU35R2W4FAErEyTmJoJ7ucwTn2hOUSsRehMb5RSYkxXGTM7Y9QpvPmp++w5ftoJw=="
  "resolved" "https://registry.npmmirror.com/normalize-wheel-es/-/normalize-wheel-es-1.2.0.tgz"
  "version" "1.2.0"

"object-assign@^4.1.1":
  "integrity" "sha512-rJgTQnkUnH1sFw8yT6VSU3zD3sWmu6sZhIseY8VX+GRu3P6F7Fu+JNDoXfklElbLJSnc3FUQHVe4cU5hj+BcUg=="
  "resolved" "https://registry.npmmirror.com/object-assign/-/object-assign-4.1.1.tgz"
  "version" "4.1.1"

"object-is@^1.1.5":
  "integrity" "sha512-F8cZ+KfGlSGi09lJT7/Nd6KJZ9ygtvYC0/UYYLI9nmQKLMnydpB9yvbv9K1uSkEu7FU9vYPmVwLg328tX+ot3Q=="
  "resolved" "https://registry.npmmirror.com/object-is/-/object-is-1.1.6.tgz"
  "version" "1.1.6"
  dependencies:
    "call-bind" "^1.0.7"
    "define-properties" "^1.2.1"

"object-keys@^1.1.1":
  "integrity" "sha512-NuAESUOUMrlIXOfHKzD6bpPu3tYt3xvjNdRIQ+FeT0lNb4K8WR70CaDxhuNguS2XG+GjkyMwOzsN5ZktImfhLA=="
  "resolved" "https://registry.npmmirror.com/object-keys/-/object-keys-1.1.1.tgz"
  "version" "1.1.1"

"parchment@^1.1.4":
  "integrity" "sha512-J5FBQt/pM2inLzg4hEWmzQx/8h8D0CiDxaG3vyp9rKrQRSDgBlhjdP5jQGgosEajXPSQouXGHOmVdgo7QmJuOg=="
  "resolved" "https://registry.npmmirror.com/parchment/-/parchment-1.1.4.tgz"
  "version" "1.1.4"

"path-parse@^1.0.7":
  "integrity" "sha512-LDJzPVEEEPR+y48z93A0Ed0yXb8pAByGWo/k5YYdYgpY2/2EsOsksJrq7lOHxryrVOn1ejG6oAp8ahvOIQD8sw=="
  "resolved" "https://registry.npmmirror.com/path-parse/-/path-parse-1.0.7.tgz"
  "version" "1.0.7"

"pathe@^1.1.0", "pathe@^1.1.1", "pathe@^1.1.2":
  "integrity" "sha512-whLdWMYL2TwI08hn8/ZqAbrVemu0LNaNNJZX73O6qaIdCTfXutsLhMkjdENX0qhsQ9uIimo4/aQOmXkoon2nDQ=="
  "resolved" "https://registry.npmmirror.com/pathe/-/pathe-1.1.2.tgz"
  "version" "1.1.2"

"picocolors@^1.0.0":
  "integrity" "sha512-1fygroTLlHu66zi26VoTDv8yRgm0Fccecssto+MhsZ0D/DGW2sm8E8AjW7NU5VVTRt5GxbeZ5qBuJr+HyLYkjQ=="
  "resolved" "https://registry.npmmirror.com/picocolors/-/picocolors-1.0.0.tgz"
  "version" "1.0.0"

"picomatch@^2.0.4", "picomatch@^2.2.1", "picomatch@^2.3.1":
  "integrity" "sha512-JU3teHTNjmE2VCGFzuY8EXzCDVwEqB2a8fsIvwaStHhAWJEeVd1o1QD80CU6+ZdEXXSLbSsuLwJjkCBWqRQUVA=="
  "resolved" "https://registry.npmmirror.com/picomatch/-/picomatch-2.3.1.tgz"
  "version" "2.3.1"

"pinia-plugin-persistedstate@^3.1.0":
  "integrity" "sha512-MK++8LRUsGF7r45PjBFES82ISnPzyO6IZx3CH5vyPseFLZCk1g2kgx6l/nW8pEBKxxd4do0P6bJw+mUSZIEZUQ=="
  "resolved" "https://registry.npmmirror.com/pinia-plugin-persistedstate/-/pinia-plugin-persistedstate-3.2.1.tgz"
  "version" "3.2.1"

"pinia@^2.0.0", "pinia@^2.1.3":
  "integrity" "sha512-+C2AHFtcFqjPih0zpYuvof37SFxMQ7OEG2zV9jRI12i9BOy3YQVAHwdKtyyc8pDcDyIc33WCIsZaCFWU7WWxGQ=="
  "resolved" "https://registry.npmmirror.com/pinia/-/pinia-2.1.7.tgz"
  "version" "2.1.7"
  dependencies:
    "@vue/devtools-api" "^6.5.0"
    "vue-demi" ">=0.14.5"

"pkg-types@^1.0.3":
  "integrity" "sha512-nN7pYi0AQqJnoLPC9eHFQ8AcyaixBUOwvqc5TDnIKCMEE6I0y8P7OKA7fPexsXGCGxQDl/cmrLAp26LhcwxZ4A=="
  "resolved" "https://registry.npmmirror.com/pkg-types/-/pkg-types-1.0.3.tgz"
  "version" "1.0.3"
  dependencies:
    "jsonc-parser" "^3.2.0"
    "mlly" "^1.2.0"
    "pathe" "^1.1.0"

"postcss@^8.4.27", "postcss@^8.4.35":
  "integrity" "sha512-u5U8qYpBCpN13BsiEB0CbR1Hhh4Gc0zLFuedrHJKMctHCHAGrMdG0PRM/KErzAL3CU6/eckEtmHNB3x6e3c0vA=="
  "resolved" "https://registry.npmmirror.com/postcss/-/postcss-8.4.35.tgz"
  "version" "8.4.35"
  dependencies:
    "nanoid" "^3.3.7"
    "picocolors" "^1.0.0"
    "source-map-js" "^1.0.2"

"proxy-from-env@^1.1.0":
  "integrity" "sha512-D+zkORCbA9f1tdWRK0RaCR3GPv50cMxcrz4X8k5LTSUD1Dkw47mKJEZQNunItRTkWwgtaUSo1RVFRIG9ZXiFYg=="
  "resolved" "https://registry.npmmirror.com/proxy-from-env/-/proxy-from-env-1.1.0.tgz"
  "version" "1.1.0"

"queue-microtask@^1.2.2":
  "integrity" "sha512-NuaNSa6flKT5JaSYQzJok04JzTL1CA6aGhv5rfLW3PgqA+M2ChpZQnAC8h8i4ZFkBS8X5RqkDBHA7r4hej3K9A=="
  "resolved" "https://registry.npmmirror.com/queue-microtask/-/queue-microtask-1.2.3.tgz"
  "version" "1.2.3"

"quill-delta@^3.6.2":
  "integrity" "sha512-wdIGBlcX13tCHOXGMVnnTVFtGRLoP0imqxM696fIPwIf5ODIYUHIvHbZcyvGlZFiFhK5XzDC2lpjbxRhnM05Tg=="
  "resolved" "https://registry.npmmirror.com/quill-delta/-/quill-delta-3.6.3.tgz"
  "version" "3.6.3"
  dependencies:
    "deep-equal" "^1.0.1"
    "extend" "^3.0.2"
    "fast-diff" "1.1.2"

"quill-delta@^4.2.2":
  "integrity" "sha512-qjbn82b/yJzOjstBgkhtBjN2TNK+ZHP/BgUQO+j6bRhWQQdmj2lH6hXG7+nwwLF41Xgn//7/83lxs9n2BkTtTg=="
  "resolved" "https://registry.npmmirror.com/quill-delta/-/quill-delta-4.2.2.tgz"
  "version" "4.2.2"
  dependencies:
    "fast-diff" "1.2.0"
    "lodash.clonedeep" "^4.5.0"
    "lodash.isequal" "^4.5.0"

"quill@^1.3.4", "quill@^1.3.7":
  "integrity" "sha512-hG/DVzh/TiknWtE6QmWAF/pxoZKYxfe3J/d/+ShUWkDvvkZQVTPeVmUJVu1uE6DDooC4fWTiCLh84ul89oNz5g=="
  "resolved" "https://registry.npmmirror.com/quill/-/quill-1.3.7.tgz"
  "version" "1.3.7"
  dependencies:
    "clone" "^2.1.1"
    "deep-equal" "^1.0.1"
    "eventemitter3" "^2.0.3"
    "extend" "^3.0.2"
    "parchment" "^1.1.4"
    "quill-delta" "^3.6.2"

"readdirp@~3.6.0":
  "integrity" "sha512-hOS089on8RduqdbhvQ5Z37A0ESjsqz6qnRcffsMU3495FuTdqSm+7bhJ29JvIOsBDEEnan5DPu9t3To9VRlMzA=="
  "resolved" "https://registry.npmmirror.com/readdirp/-/readdirp-3.6.0.tgz"
  "version" "3.6.0"
  dependencies:
    "picomatch" "^2.2.1"

"regexp.prototype.flags@^1.5.1":
  "integrity" "sha512-NcDiDkTLuPR+++OCKB0nWafEmhg/Da8aUPLPMQbK+bxKKCm1/S5he+AqYa4PlMCVBalb4/yxIRub6qkEx5yJbw=="
  "resolved" "https://registry.npmmirror.com/regexp.prototype.flags/-/regexp.prototype.flags-1.5.2.tgz"
  "version" "1.5.2"
  dependencies:
    "call-bind" "^1.0.6"
    "define-properties" "^1.2.1"
    "es-errors" "^1.3.0"
    "set-function-name" "^2.0.1"

"resolve@^1.22.2":
  "integrity" "sha512-oKWePCxqpd6FlLvGV1VU0x7bkPmmCNolxzjMf4NczoDnQcIWrAF+cPtZn5i6n+RfD2d9i0tzpKnG6Yk168yIyw=="
  "resolved" "https://registry.npmmirror.com/resolve/-/resolve-1.22.8.tgz"
  "version" "1.22.8"
  dependencies:
    "is-core-module" "^2.13.0"
    "path-parse" "^1.0.7"
    "supports-preserve-symlinks-flag" "^1.0.0"

"reusify@^1.0.4":
  "integrity" "sha512-U9nH88a3fc/ekCF1l0/UP1IosiuIjyTh7hBvXVMHYgVcfGvt897Xguj2UOLDeI5BG2m7/uwyaLVT6fbtCwTyzw=="
  "resolved" "https://registry.npmmirror.com/reusify/-/reusify-1.0.4.tgz"
  "version" "1.0.4"

"rollup@^1.20.0||^2.0.0||^3.0.0||^4.0.0", "rollup@^3.27.1":
  "integrity" "sha512-oWzmBZwvYrU0iJHtDmhsm662rC15FRXmcjCk1xD771dFDx5jJ02ufAQQTn0etB2emNk4J9EZg/yWKpsn9BWGRw=="
  "resolved" "https://registry.npmmirror.com/rollup/-/rollup-3.29.4.tgz"
  "version" "3.29.4"
  optionalDependencies:
    "fsevents" "~2.3.2"

"run-parallel@^1.1.9":
  "integrity" "sha512-5l4VyZR86LZ/lDxZTR6jqL8AFE2S0IFLMP26AbjsLVADxHdhB/c0GUsH+y39UfCi3dzz8OlQuPmnaJOMoDHQBA=="
  "resolved" "https://registry.npmmirror.com/run-parallel/-/run-parallel-1.2.0.tgz"
  "version" "1.2.0"
  dependencies:
    "queue-microtask" "^1.2.2"

"sass@*", "sass@^1.63.6":
  "integrity" "sha512-wovtnV2PxzteLlfNzbgm1tFXPLoZILYAMJtvoXXkD7/+1uP41eKkIt1ypWq5/q2uT94qHjXehEYfmjKOvjL9sg=="
  "resolved" "https://registry.npmmirror.com/sass/-/sass-1.71.1.tgz"
  "version" "1.71.1"
  dependencies:
    "chokidar" ">=3.0.0 <4.0.0"
    "immutable" "^4.0.0"
    "source-map-js" ">=0.6.2 <2.0.0"

"scule@^1.1.1":
  "integrity" "sha512-6FtHJEvt+pVMIB9IBY+IcCJ6Z5f1iQnytgyfKMhDKgmzYG+TeH/wx1y3l27rshSbLiSanrR9ffZDrEsmjlQF2g=="
  "resolved" "https://registry.npmmirror.com/scule/-/scule-1.3.0.tgz"
  "version" "1.3.0"

"set-function-length@^1.2.1":
  "integrity" "sha512-pgRc4hJ4/sNjWCSS9AmnS40x3bNMDTknHgL5UaMBTMyJnU90EgWh1Rz+MC9eFu4BuN/UwZjKQuY/1v3rM7HMfg=="
  "resolved" "https://registry.npmmirror.com/set-function-length/-/set-function-length-1.2.2.tgz"
  "version" "1.2.2"
  dependencies:
    "define-data-property" "^1.1.4"
    "es-errors" "^1.3.0"
    "function-bind" "^1.1.2"
    "get-intrinsic" "^1.2.4"
    "gopd" "^1.0.1"
    "has-property-descriptors" "^1.0.2"

"set-function-name@^2.0.1":
  "integrity" "sha512-7PGFlmtwsEADb0WYyvCMa1t+yke6daIG4Wirafur5kcf+MhUnPms1UeR0CKQdTZD81yESwMHbtn+TR+dMviakQ=="
  "resolved" "https://registry.npmmirror.com/set-function-name/-/set-function-name-2.0.2.tgz"
  "version" "2.0.2"
  dependencies:
    "define-data-property" "^1.1.4"
    "es-errors" "^1.3.0"
    "functions-have-names" "^1.2.3"
    "has-property-descriptors" "^1.0.2"

"source-map-js@^1.0.2", "source-map-js@>=0.6.2 <2.0.0":
  "integrity" "sha512-R0XvVJ9WusLiqTCEiGCmICCMplcCkIwwR11mOSD9CR5u+IXYdiseeEuXCVAjS54zqwkLcPNnmU4OeJ6tUrWhDw=="
  "resolved" "https://registry.npmmirror.com/source-map-js/-/source-map-js-1.0.2.tgz"
  "version" "1.0.2"

"strip-literal@^1.3.0":
  "integrity" "sha512-PugKzOsyXpArk0yWmUwqOZecSO0GH0bPoctLcqNDH9J04pVW3lflYE0ujElBGTloevcxF5MofAOZ7C5l2b+wLg=="
  "resolved" "https://registry.npmmirror.com/strip-literal/-/strip-literal-1.3.0.tgz"
  "version" "1.3.0"
  dependencies:
    "acorn" "^8.10.0"

"supports-preserve-symlinks-flag@^1.0.0":
  "integrity" "sha512-ot0WnXS9fgdkgIcePe6RHNk1WA8+muPa6cSjeR3V8K27q9BB1rTE3R1p7Hv0z1ZyAc8s6Vvv8DIyWf681MAt0w=="
  "resolved" "https://registry.npmmirror.com/supports-preserve-symlinks-flag/-/supports-preserve-symlinks-flag-1.0.0.tgz"
  "version" "1.0.0"

"to-regex-range@^5.0.1":
  "integrity" "sha512-65P7iz6X5yEr1cwcgvQxbbIw7Uk3gOy5dIdtZ4rDveLqhrdJP+Li/Hx6tyK0NEb+2GCyneCMJiGqrADCSNk8sQ=="
  "resolved" "https://registry.npmmirror.com/to-regex-range/-/to-regex-range-5.0.1.tgz"
  "version" "5.0.1"
  dependencies:
    "is-number" "^7.0.0"

"ufo@^1.3.2":
  "integrity" "sha512-Hhy+BhRBleFjpJ2vchUNN40qgkh0366FWJGqVLYBHev0vpHTrXSA0ryT+74UiW6KWsldNurQMKGqCm1M2zBciQ=="
  "resolved" "https://registry.npmmirror.com/ufo/-/ufo-1.4.0.tgz"
  "version" "1.4.0"

"unimport@^3.4.0":
  "integrity" "sha512-V9HpXYfsZye5bPPYUgs0Otn3ODS1mDUciaBlXljI4C2fTwfFpvFZRywmlOu943puN9sncxROMZhsZCjNXEpzEQ=="
  "resolved" "https://registry.npmmirror.com/unimport/-/unimport-3.7.1.tgz"
  "version" "3.7.1"
  dependencies:
    "@rollup/pluginutils" "^5.1.0"
    "acorn" "^8.11.2"
    "escape-string-regexp" "^5.0.0"
    "estree-walker" "^3.0.3"
    "fast-glob" "^3.3.2"
    "local-pkg" "^0.5.0"
    "magic-string" "^0.30.5"
    "mlly" "^1.4.2"
    "pathe" "^1.1.1"
    "pkg-types" "^1.0.3"
    "scule" "^1.1.1"
    "strip-literal" "^1.3.0"
    "unplugin" "^1.5.1"

"unplugin-auto-import@^0.16.6":
  "integrity" "sha512-w7XmnRlchq6YUFJVFGSvG1T/6j8GrdYN6Em9Wf0Ye+HXgD/22kont+WnuCAA0UaUoxtuvRR1u/mXKy63g/hfqQ=="
  "resolved" "https://registry.npmmirror.com/unplugin-auto-import/-/unplugin-auto-import-0.16.7.tgz"
  "version" "0.16.7"
  dependencies:
    "@antfu/utils" "^0.7.6"
    "@rollup/pluginutils" "^5.0.5"
    "fast-glob" "^3.3.1"
    "local-pkg" "^0.5.0"
    "magic-string" "^0.30.5"
    "minimatch" "^9.0.3"
    "unimport" "^3.4.0"
    "unplugin" "^1.5.0"

"unplugin-vue-components@^0.25.1":
  "integrity" "sha512-OVmLFqILH6w+eM8fyt/d/eoJT9A6WO51NZLf1vC5c1FZ4rmq2bbGxTy8WP2Jm7xwFdukaIdv819+UI7RClPyCA=="
  "resolved" "https://registry.npmmirror.com/unplugin-vue-components/-/unplugin-vue-components-0.25.2.tgz"
  "version" "0.25.2"
  dependencies:
    "@antfu/utils" "^0.7.5"
    "@rollup/pluginutils" "^5.0.2"
    "chokidar" "^3.5.3"
    "debug" "^4.3.4"
    "fast-glob" "^3.3.0"
    "local-pkg" "^0.4.3"
    "magic-string" "^0.30.1"
    "minimatch" "^9.0.3"
    "resolve" "^1.22.2"
    "unplugin" "^1.4.0"

"unplugin@^1.4.0", "unplugin@^1.5.0", "unplugin@^1.5.1":
  "integrity" "sha512-14PslvMY3gNbXnQtNIRB566Q057L5Fe7f5LDEamxVi0QQVxoz5hrveBwwZLcKyHtZ09ysmipxRRj5Lv+BGz2Iw=="
  "resolved" "https://registry.npmmirror.com/unplugin/-/unplugin-1.9.0.tgz"
  "version" "1.9.0"
  dependencies:
    "acorn" "^8.11.3"
    "chokidar" "^3.6.0"
    "webpack-sources" "^3.2.3"
    "webpack-virtual-modules" "^0.6.1"

"vite@^4.0.0 || ^5.0.0", "vite@^4.3.9":
  "integrity" "sha512-tBCZBNSBbHQkaGyhGCDUGqeo2ph8Fstyp6FMSvTtsXeZSPpSMGlviAOav2hxVTqFcx8Hj/twtWKsMJXNY0xI8w=="
  "resolved" "https://registry.npmmirror.com/vite/-/vite-4.5.2.tgz"
  "version" "4.5.2"
  dependencies:
    "esbuild" "^0.18.10"
    "postcss" "^8.4.27"
    "rollup" "^3.27.1"
  optionalDependencies:
    "fsevents" "~2.3.2"

"vue-demi@*", "vue-demi@>=0.14.5":
  "integrity" "sha512-EOG8KXDQNwkJILkx/gPcoL/7vH+hORoBaKgGe+6W7VFMvCYJfmF2dGbvgDroVnI8LU7/kTu8mbjRZGBU1z9NTA=="
  "resolved" "https://registry.npmmirror.com/vue-demi/-/vue-demi-0.14.7.tgz"
  "version" "0.14.7"

"vue-quill-editor@^3.0.6":
  "integrity" "sha512-g20oSZNWg8Hbu41Kinjd55e235qVWPLfg4NvsLW6d+DhgBTFbEuMpcWlUdrD6qT3+Noim6DRu18VLM9lVShXOQ=="
  "resolved" "https://registry.npmmirror.com/vue-quill-editor/-/vue-quill-editor-3.0.6.tgz"
  "version" "3.0.6"
  dependencies:
    "object-assign" "^4.1.1"
    "quill" "^1.3.4"

"vue-router@^4.2.2":
  "integrity" "sha512-dqUcs8tUeG+ssgWhcPbjHvazML16Oga5w34uCUmsk7i0BcnskoLGwjpa15fqMr2Fa5JgVBrdL2MEgqz6XZ/6IQ=="
  "resolved" "https://registry.npmmirror.com/vue-router/-/vue-router-4.3.0.tgz"
  "version" "4.3.0"
  dependencies:
    "@vue/devtools-api" "^6.5.1"

"vue@^2.6.14 || ^3.3.0", "vue@^3.0.0-0 || ^2.6.0", "vue@^3.2.0", "vue@^3.2.25", "vue@^3.2.41", "vue@^3.3.4", "vue@2 || 3", "vue@3.4.21":
  "integrity" "sha512-5hjyV/jLEIKD/jYl4cavMcnzKwjMKohureP8ejn3hhEjwhWIhWeuzL2kJAjzl/WyVsgPY56Sy4Z40C3lVshxXA=="
  "resolved" "https://registry.npmmirror.com/vue/-/vue-3.4.21.tgz"
  "version" "3.4.21"
  dependencies:
    "@vue/compiler-dom" "3.4.21"
    "@vue/compiler-sfc" "3.4.21"
    "@vue/runtime-dom" "3.4.21"
    "@vue/server-renderer" "3.4.21"
    "@vue/shared" "3.4.21"

"webpack-sources@^3.2.3":
  "integrity" "sha512-/DyMEOrDgLKKIG0fmvtz+4dUX/3Ghozwgm6iPp8KRhvn+eQf9+Q7GWxVNMk3+uCPWfdXYC4ExGBckIXdFEfH1w=="
  "resolved" "https://registry.npmmirror.com/webpack-sources/-/webpack-sources-3.2.3.tgz"
  "version" "3.2.3"

"webpack-virtual-modules@^0.6.1":
  "integrity" "sha512-poXpCylU7ExuvZK8z+On3kX+S8o/2dQ/SVYueKA0D4WEMXROXgY8Ez50/bQEUmvoSMMrWcrJqCHuhAbsiwg7Dg=="
  "resolved" "https://registry.npmmirror.com/webpack-virtual-modules/-/webpack-virtual-modules-0.6.1.tgz"
  "version" "0.6.1"
